
Microsoft Visual Studio Solution File, Format Version 12.00
# Visual Studio Version 16
VisualStudioVersion = 16.0.30523.141
MinimumVisualStudioVersion = 10.0.40219.1
Project("{FAE04EC0-301F-11D3-BF4B-00C04F79EFBC}") = "lab12_9", "lab12_9\lab12_9.csproj", "{27A0313E-C686-4B0B-81D3-33FD3BF58FDB}"
EndProject
Global
	GlobalSection(SolutionConfigurationPlatforms) = preSolution
		Debug|Any CPU = Debug|Any CPU
		Release|Any CPU = Release|Any CPU
	EndGlobalSection
	GlobalSection(ProjectConfigurationPlatforms) = postSolution
		{27A0313E-C686-4B0B-81D3-33FD3BF58FDB}.Debug|Any CPU.ActiveCfg = Debug|Any CPU
		{27A0313E-C686-4B0B-81D3-33FD3BF58FDB}.Debug|Any CPU.Build.0 = Debug|Any CPU
		{27A0313E-C686-4B0B-81D3-33FD3BF58FDB}.Release|Any CPU.ActiveCfg = Release|Any CPU
		{27A0313E-C686-4B0B-81D3-33FD3BF58FDB}.Release|Any CPU.Build.0 = Release|Any CPU
	EndGlobalSection
	GlobalSection(SolutionProperties) = preSolution
		HideSolutionNode = FALSE
	EndGlobalSection
	GlobalSection(ExtensibilityGlobals) = postSolution
		SolutionGuid = {980C464E-89A8-4759-A0EF-CC4F42CDE4A7}
	EndGlobalSection
EndGlobal
